
Microsoft Visual Studio Solution File, Format Version 12.00
# Visual Studio 2013
VisualStudioVersion = 12.0.21005.1
MinimumVisualStudioVersion = 10.0.40219.1
Project("{FAE04EC0-301F-11D3-BF4B-00C04F79EFBC}") = "WebBIMallPlaza", "WebBIMallPlaza\WebBIMallPlaza.csproj", "{7BF0BD54-D286-4058-B629-85CC7E30847F}"
EndProject
Project("{FAE04EC0-301F-11D3-BF4B-00C04F79EFBC}") = "BLBIMallPlaza", "BLBIMallPlaza\BLBIMallPlaza.csproj", "{8033A4FB-55BC-4605-8590-1E6D194DB0D5}"
EndProject
Project("{FAE04EC0-301F-11D3-BF4B-00C04F79EFBC}") = "DABIMallPlaza", "DABIMallPlaza\DABIMallPlaza.csproj", "{A7B0DBA6-0D2B-4931-A640-01EC5938F5D4}"
EndProject
Project("{FAE04EC0-301F-11D3-BF4B-00C04F79EFBC}") = "BEBIMallPlaza", "BEBIMallPlaza\BEBIMallPlaza.csproj", "{3F4CC72F-918B-4EF6-976F-CF757E21A27B}"
EndProject
Global
	GlobalSection(SolutionConfigurationPlatforms) = preSolution
		Debug|Any CPU = Debug|Any CPU
		Release|Any CPU = Release|Any CPU
	EndGlobalSection
	GlobalSection(ProjectConfigurationPlatforms) = postSolution
		{7BF0BD54-D286-4058-B629-85CC7E30847F}.Debug|Any CPU.ActiveCfg = Debug|Any CPU
		{7BF0BD54-D286-4058-B629-85CC7E30847F}.Debug|Any CPU.Build.0 = Debug|Any CPU
		{7BF0BD54-D286-4058-B629-85CC7E30847F}.Release|Any CPU.ActiveCfg = Release|Any CPU
		{7BF0BD54-D286-4058-B629-85CC7E30847F}.Release|Any CPU.Build.0 = Release|Any CPU
		{8033A4FB-55BC-4605-8590-1E6D194DB0D5}.Debug|Any CPU.ActiveCfg = Debug|Any CPU
		{8033A4FB-55BC-4605-8590-1E6D194DB0D5}.Debug|Any CPU.Build.0 = Debug|Any CPU
		{8033A4FB-55BC-4605-8590-1E6D194DB0D5}.Release|Any CPU.ActiveCfg = Release|Any CPU
		{8033A4FB-55BC-4605-8590-1E6D194DB0D5}.Release|Any CPU.Build.0 = Release|Any CPU
		{A7B0DBA6-0D2B-4931-A640-01EC5938F5D4}.Debug|Any CPU.ActiveCfg = Debug|Any CPU
		{A7B0DBA6-0D2B-4931-A640-01EC5938F5D4}.Debug|Any CPU.Build.0 = Debug|Any CPU
		{A7B0DBA6-0D2B-4931-A640-01EC5938F5D4}.Release|Any CPU.ActiveCfg = Release|Any CPU
		{A7B0DBA6-0D2B-4931-A640-01EC5938F5D4}.Release|Any CPU.Build.0 = Release|Any CPU
		{3F4CC72F-918B-4EF6-976F-CF757E21A27B}.Debug|Any CPU.ActiveCfg = Debug|Any CPU
		{3F4CC72F-918B-4EF6-976F-CF757E21A27B}.Debug|Any CPU.Build.0 = Debug|Any CPU
		{3F4CC72F-918B-4EF6-976F-CF757E21A27B}.Release|Any CPU.ActiveCfg = Release|Any CPU
		{3F4CC72F-918B-4EF6-976F-CF757E21A27B}.Release|Any CPU.Build.0 = Release|Any CPU
	EndGlobalSection
	GlobalSection(SolutionProperties) = preSolution
		HideSolutionNode = FALSE
	EndGlobalSection
EndGlobal
